
Microsoft Visual Studio Solution File, Format Version 12.00
# Visual Studio Version 17
VisualStudioVersion = 17.14.36408.4 d17.14
MinimumVisualStudioVersion = 10.0.40219.1
Project("{FAE04EC0-301F-11D3-BF4B-00C04F79EFBC}") = "BarbeariaBarbaz", "BarbeariaBarbaz\BarbeariaBarbaz.csproj", "{A9F4ABDE-B199-4DCB-A647-C1B55AA9866A}"
EndProject
Global
	GlobalSection(SolutionConfigurationPlatforms) = preSolution
		Debug|Any CPU = Debug|Any CPU
		Release|Any CPU = Release|Any CPU
	EndGlobalSection
	GlobalSection(ProjectConfigurationPlatforms) = postSolution
		{A9F4ABDE-B199-4DCB-A647-C1B55AA9866A}.Debug|Any CPU.ActiveCfg = Debug|Any CPU
		{A9F4ABDE-B199-4DCB-A647-C1B55AA9866A}.Debug|Any CPU.Build.0 = Debug|Any CPU
		{A9F4ABDE-B199-4DCB-A647-C1B55AA9866A}.Release|Any CPU.ActiveCfg = Release|Any CPU
		{A9F4ABDE-B199-4DCB-A647-C1B55AA9866A}.Release|Any CPU.Build.0 = Release|Any CPU
	EndGlobalSection
	GlobalSection(SolutionProperties) = preSolution
		HideSolutionNode = FALSE
	EndGlobalSection
	GlobalSection(ExtensibilityGlobals) = postSolution
		SolutionGuid = {766F8F00-2379-4B6E-8A21-95E3EFF3B1B0}
	EndGlobalSection
EndGlobal
